// !$*UTF8*$!
{
	archiveVersion = 1;
	classes = {
	};
	objectVersion = 46;
	objects = {

/* Begin PBXBuildFile section */
		301475051C306881006975C7 /* TableViewTextFieldCell.swift in Sources */ = {isa = PBXBuildFile; fileRef = 301475021C306881006975C7 /* TableViewTextFieldCell.swift */; };
		301475061C306881006975C7 /* TableViewTextFieldCell.xib in Resources */ = {isa = PBXBuildFile; fileRef = 301475031C306881006975C7 /* TableViewTextFieldCell.xib */; };
		301475071C306881006975C7 /* TableViewTextFieldItem.swift in Sources */ = {isa = PBXBuildFile; fileRef = 301475041C306881006975C7 /* TableViewTextFieldItem.swift */; };
		3014750C1C30692D006975C7 /* TableViewDateTimeCell.swift in Sources */ = {isa = PBXBuildFile; fileRef = 301475091C30692D006975C7 /* TableViewDateTimeCell.swift */; };
		3014750D1C30692D006975C7 /* TableViewDateTimeCell.xib in Resources */ = {isa = PBXBuildFile; fileRef = 3014750A1C30692D006975C7 /* TableViewDateTimeCell.xib */; };
		3014750E1C30692D006975C7 /* TableViewDateTimeItem.swift in Sources */ = {isa = PBXBuildFile; fileRef = 3014750B1C30692D006975C7 /* TableViewDateTimeItem.swift */; };
		301475111C308431006975C7 /* TableViewDatePickerCell.swift in Sources */ = {isa = PBXBuildFile; fileRef = 3014750F1C308431006975C7 /* TableViewDatePickerCell.swift */; };
		301475121C308431006975C7 /* TableViewDatePickerCell.xib in Resources */ = {isa = PBXBuildFile; fileRef = 301475101C308431006975C7 /* TableViewDatePickerCell.xib */; };
		301475141C308472006975C7 /* TableViewDatePickerItem.swift in Sources */ = {isa = PBXBuildFile; fileRef = 301475131C308472006975C7 /* TableViewDatePickerItem.swift */; };
		30CB4CD61AB624F4008F22EF /* TableViewSwitchItem.swift in Sources */ = {isa = PBXBuildFile; fileRef = 30CB4CD51AB624F4008F22EF /* TableViewSwitchItem.swift */; };
		30CB4CD91AB6254E008F22EF /* TableViewSwitchCell.swift in Sources */ = {isa = PBXBuildFile; fileRef = 30CB4CD71AB6254E008F22EF /* TableViewSwitchCell.swift */; };
		30CB4CDA1AB6254E008F22EF /* TableViewSwitchCell.xib in Resources */ = {isa = PBXBuildFile; fileRef = 30CB4CD81AB6254E008F22EF /* TableViewSwitchCell.xib */; };
		30F70E2B1AC5297D00EEF029 /* TableViewSliderItem.swift in Sources */ = {isa = PBXBuildFile; fileRef = 30F70E2A1AC5297D00EEF029 /* TableViewSliderItem.swift */; };
		30F70E2E1AC5299E00EEF029 /* TableViewSliderCell.swift in Sources */ = {isa = PBXBuildFile; fileRef = 30F70E2C1AC5299E00EEF029 /* TableViewSliderCell.swift */; };
		30F70E2F1AC5299E00EEF029 /* TableViewSliderCell.xib in Resources */ = {isa = PBXBuildFile; fileRef = 30F70E2D1AC5299E00EEF029 /* TableViewSliderCell.xib */; };
		30F70E3B1AC52AF300EEF029 /* TableViewPickerItem.swift in Sources */ = {isa = PBXBuildFile; fileRef = 30F70E3A1AC52AF300EEF029 /* TableViewPickerItem.swift */; };
		488C06981AA65656003000C3 /* AppDelegate.swift in Sources */ = {isa = PBXBuildFile; fileRef = 488C06971AA65656003000C3 /* AppDelegate.swift */; };
		488C069D1AA65656003000C3 /* Main.storyboard in Resources */ = {isa = PBXBuildFile; fileRef = 488C069B1AA65656003000C3 /* Main.storyboard */; };
		488C069F1AA65656003000C3 /* Images.xcassets in Resources */ = {isa = PBXBuildFile; fileRef = 488C069E1AA65656003000C3 /* Images.xcassets */; };
		488C06A21AA65656003000C3 /* LaunchScreen.xib in Resources */ = {isa = PBXBuildFile; fileRef = 488C06A01AA65656003000C3 /* LaunchScreen.xib */; };
		488C06AE1AA65656003000C3 /* ExampleTests.swift in Sources */ = {isa = PBXBuildFile; fileRef = 488C06AD1AA65656003000C3 /* ExampleTests.swift */; };
		488C06B91AA65CEB003000C3 /* TableViewManager.swift in Sources */ = {isa = PBXBuildFile; fileRef = 488C06B81AA65CEB003000C3 /* TableViewManager.swift */; };
		488C06BB1AA65D04003000C3 /* TableViewDataSource.swift in Sources */ = {isa = PBXBuildFile; fileRef = 488C06BA1AA65D04003000C3 /* TableViewDataSource.swift */; };
		488C06BD1AA65D91003000C3 /* TableViewSection.swift in Sources */ = {isa = PBXBuildFile; fileRef = 488C06BC1AA65D91003000C3 /* TableViewSection.swift */; };
		488C06BF1AA65D9D003000C3 /* TableViewItem.swift in Sources */ = {isa = PBXBuildFile; fileRef = 488C06BE1AA65D9D003000C3 /* TableViewItem.swift */; };
		488C06C51AA66B3E003000C3 /* TableViewCell.swift in Sources */ = {isa = PBXBuildFile; fileRef = 488C06C41AA66B3E003000C3 /* TableViewCell.swift */; };
		488C06CB1AA78A83003000C3 /* TestViewController.swift in Sources */ = {isa = PBXBuildFile; fileRef = 488C06CA1AA78A83003000C3 /* TestViewController.swift */; };
		488C06CD1AA78AAC003000C3 /* IBTableViewItem.swift in Sources */ = {isa = PBXBuildFile; fileRef = 488C06CC1AA78AAC003000C3 /* IBTableViewItem.swift */; };
		488C06D01AA78AC0003000C3 /* IBTableViewCell.swift in Sources */ = {isa = PBXBuildFile; fileRef = 488C06CE1AA78AC0003000C3 /* IBTableViewCell.swift */; };
		488C06D11AA78AC0003000C3 /* IBTableViewCell.xib in Resources */ = {isa = PBXBuildFile; fileRef = 488C06CF1AA78AC0003000C3 /* IBTableViewCell.xib */; };
		488C06D31AA7A2F9003000C3 /* TableViewCellStyle.swift in Sources */ = {isa = PBXBuildFile; fileRef = 488C06D21AA7A2F9003000C3 /* TableViewCellStyle.swift */; };
		488C06D51AA7C0D3003000C3 /* StyleViewController.swift in Sources */ = {isa = PBXBuildFile; fileRef = 488C06D41AA7C0D3003000C3 /* StyleViewController.swift */; };
		488C06D71AA7C4F5003000C3 /* RootViewController.swift in Sources */ = {isa = PBXBuildFile; fileRef = 488C06D61AA7C4F5003000C3 /* RootViewController.swift */; };
		488C06D91AA7CA29003000C3 /* RetractableViewController.swift in Sources */ = {isa = PBXBuildFile; fileRef = 488C06D81AA7CA29003000C3 /* RetractableViewController.swift */; };
		488C06DB1AA7D082003000C3 /* IBViewController.swift in Sources */ = {isa = PBXBuildFile; fileRef = 488C06DA1AA7D082003000C3 /* IBViewController.swift */; };
		488C06DD1AA7D22D003000C3 /* IndexedListViewController.swift in Sources */ = {isa = PBXBuildFile; fileRef = 488C06DC1AA7D22D003000C3 /* IndexedListViewController.swift */; };
		488C06DF1AA7D8E6003000C3 /* EditingViewController.swift in Sources */ = {isa = PBXBuildFile; fileRef = 488C06DE1AA7D8E6003000C3 /* EditingViewController.swift */; };
		488C06E31AA90DDB003000C3 /* FormViewController.swift in Sources */ = {isa = PBXBuildFile; fileRef = 488C06E21AA90DDB003000C3 /* FormViewController.swift */; };
		488C06F51AA91B00003000C3 /* TableViewActionBar.swift in Sources */ = {isa = PBXBuildFile; fileRef = 488C06F41AA91B00003000C3 /* TableViewActionBar.swift */; };
		488C06FA1AA920EC003000C3 /* UIButtonBarArrowLeft.png in Resources */ = {isa = PBXBuildFile; fileRef = 488C06F61AA920EC003000C3 /* UIButtonBarArrowLeft.png */; };
		488C06FB1AA920EC003000C3 /* UIButtonBarArrowLeft@2x.png in Resources */ = {isa = PBXBuildFile; fileRef = 488C06F71AA920EC003000C3 /* UIButtonBarArrowLeft@2x.png */; };
		488C06FC1AA920EC003000C3 /* UIButtonBarArrowRight.png in Resources */ = {isa = PBXBuildFile; fileRef = 488C06F81AA920EC003000C3 /* UIButtonBarArrowRight.png */; };
		488C06FD1AA920EC003000C3 /* UIButtonBarArrowRight@2x.png in Resources */ = {isa = PBXBuildFile; fileRef = 488C06F91AA920EC003000C3 /* UIButtonBarArrowRight@2x.png */; };
		488C06FF1AA920FC003000C3 /* Transparent@2x.png in Resources */ = {isa = PBXBuildFile; fileRef = 488C06FE1AA920FC003000C3 /* Transparent@2x.png */; };
		48A57E9B1AAA77D4005CDD2F /* TableViewFormItem.swift in Sources */ = {isa = PBXBuildFile; fileRef = 48A57E9A1AAA77D4005CDD2F /* TableViewFormItem.swift */; };
		48D6799A1AAA5B6500DA3960 /* TableViewFormCell.swift in Sources */ = {isa = PBXBuildFile; fileRef = 48D679991AAA5B6500DA3960 /* TableViewFormCell.swift */; };
/* End PBXBuildFile section */

/* Begin PBXContainerItemProxy section */
		488C06A81AA65656003000C3 /* PBXContainerItemProxy */ = {
			isa = PBXContainerItemProxy;
			containerPortal = 488C068A1AA65656003000C3 /* Project object */;
			proxyType = 1;
			remoteGlobalIDString = 488C06911AA65656003000C3;
			remoteInfo = Example;
		};
/* End PBXContainerItemProxy section */

/* Begin PBXFileReference section */
		301475021C306881006975C7 /* TableViewTextFieldCell.swift */ = {isa = PBXFileReference; fileEncoding = 4; lastKnownFileType = sourcecode.swift; path = TableViewTextFieldCell.swift; sourceTree = "<group>"; };
		301475031C306881006975C7 /* TableViewTextFieldCell.xib */ = {isa = PBXFileReference; fileEncoding = 4; lastKnownFileType = file.xib; path = TableViewTextFieldCell.xib; sourceTree = "<group>"; };
		301475041C306881006975C7 /* TableViewTextFieldItem.swift */ = {isa = PBXFileReference; fileEncoding = 4; lastKnownFileType = sourcecode.swift; path = TableViewTextFieldItem.swift; sourceTree = "<group>"; };
		301475091C30692D006975C7 /* TableViewDateTimeCell.swift */ = {isa = PBXFileReference; fileEncoding = 4; lastKnownFileType = sourcecode.swift; path = TableViewDateTimeCell.swift; sourceTree = "<group>"; };
		3014750A1C30692D006975C7 /* TableViewDateTimeCell.xib */ = {isa = PBXFileReference; fileEncoding = 4; lastKnownFileType = file.xib; path = TableViewDateTimeCell.xib; sourceTree = "<group>"; };
		3014750B1C30692D006975C7 /* TableViewDateTimeItem.swift */ = {isa = PBXFileReference; fileEncoding = 4; lastKnownFileType = sourcecode.swift; path = TableViewDateTimeItem.swift; sourceTree = "<group>"; };
		3014750F1C308431006975C7 /* TableViewDatePickerCell.swift */ = {isa = PBXFileReference; fileEncoding = 4; lastKnownFileType = sourcecode.swift; path = TableViewDatePickerCell.swift; sourceTree = "<group>"; };
		301475101C308431006975C7 /* TableViewDatePickerCell.xib */ = {isa = PBXFileReference; fileEncoding = 4; lastKnownFileType = file.xib; path = TableViewDatePickerCell.xib; sourceTree = "<group>"; };
		301475131C308472006975C7 /* TableViewDatePickerItem.swift */ = {isa = PBXFileReference; fileEncoding = 4; lastKnownFileType = sourcecode.swift; path = TableViewDatePickerItem.swift; sourceTree = "<group>"; };
		30CB4CD51AB624F4008F22EF /* TableViewSwitchItem.swift */ = {isa = PBXFileReference; fileEncoding = 4; lastKnownFileType = sourcecode.swift; path = TableViewSwitchItem.swift; sourceTree = "<group>"; };
		30CB4CD71AB6254E008F22EF /* TableViewSwitchCell.swift */ = {isa = PBXFileReference; fileEncoding = 4; lastKnownFileType = sourcecode.swift; path = TableViewSwitchCell.swift; sourceTree = "<group>"; };
		30CB4CD81AB6254E008F22EF /* TableViewSwitchCell.xib */ = {isa = PBXFileReference; fileEncoding = 4; lastKnownFileType = file.xib; path = TableViewSwitchCell.xib; sourceTree = "<group>"; };
		30F70E2A1AC5297D00EEF029 /* TableViewSliderItem.swift */ = {isa = PBXFileReference; fileEncoding = 4; lastKnownFileType = sourcecode.swift; path = TableViewSliderItem.swift; sourceTree = "<group>"; };
		30F70E2C1AC5299E00EEF029 /* TableViewSliderCell.swift */ = {isa = PBXFileReference; fileEncoding = 4; lastKnownFileType = sourcecode.swift; path = TableViewSliderCell.swift; sourceTree = "<group>"; };
		30F70E2D1AC5299E00EEF029 /* TableViewSliderCell.xib */ = {isa = PBXFileReference; fileEncoding = 4; lastKnownFileType = file.xib; path = TableViewSliderCell.xib; sourceTree = "<group>"; };
		30F70E3A1AC52AF300EEF029 /* TableViewPickerItem.swift */ = {isa = PBXFileReference; fileEncoding = 4; lastKnownFileType = sourcecode.swift; path = TableViewPickerItem.swift; sourceTree = "<group>"; };
		488C06921AA65656003000C3 /* Example.app */ = {isa = PBXFileReference; explicitFileType = wrapper.application; includeInIndex = 0; path = Example.app; sourceTree = BUILT_PRODUCTS_DIR; };
		488C06961AA65656003000C3 /* Info.plist */ = {isa = PBXFileReference; lastKnownFileType = text.plist.xml; path = Info.plist; sourceTree = "<group>"; };
		488C06971AA65656003000C3 /* AppDelegate.swift */ = {isa = PBXFileReference; lastKnownFileType = sourcecode.swift; path = AppDelegate.swift; sourceTree = "<group>"; };
		488C069C1AA65656003000C3 /* Base */ = {isa = PBXFileReference; lastKnownFileType = file.storyboard; name = Base; path = Base.lproj/Main.storyboard; sourceTree = "<group>"; };
		488C069E1AA65656003000C3 /* Images.xcassets */ = {isa = PBXFileReference; lastKnownFileType = folder.assetcatalog; path = Images.xcassets; sourceTree = "<group>"; };
		488C06A11AA65656003000C3 /* Base */ = {isa = PBXFileReference; lastKnownFileType = file.xib; name = Base; path = Base.lproj/LaunchScreen.xib; sourceTree = "<group>"; };
		488C06A71AA65656003000C3 /* ExampleTests.xctest */ = {isa = PBXFileReference; explicitFileType = wrapper.cfbundle; includeInIndex = 0; path = ExampleTests.xctest; sourceTree = BUILT_PRODUCTS_DIR; };
		488C06AC1AA65656003000C3 /* Info.plist */ = {isa = PBXFileReference; lastKnownFileType = text.plist.xml; path = Info.plist; sourceTree = "<group>"; };
		488C06AD1AA65656003000C3 /* ExampleTests.swift */ = {isa = PBXFileReference; lastKnownFileType = sourcecode.swift; path = ExampleTests.swift; sourceTree = "<group>"; };
		488C06B81AA65CEB003000C3 /* TableViewManager.swift */ = {isa = PBXFileReference; fileEncoding = 4; lastKnownFileType = sourcecode.swift; path = TableViewManager.swift; sourceTree = "<group>"; };
		488C06BA1AA65D04003000C3 /* TableViewDataSource.swift */ = {isa = PBXFileReference; fileEncoding = 4; lastKnownFileType = sourcecode.swift; path = TableViewDataSource.swift; sourceTree = "<group>"; };
		488C06BC1AA65D91003000C3 /* TableViewSection.swift */ = {isa = PBXFileReference; fileEncoding = 4; lastKnownFileType = sourcecode.swift; path = TableViewSection.swift; sourceTree = "<group>"; };
		488C06BE1AA65D9D003000C3 /* TableViewItem.swift */ = {isa = PBXFileReference; fileEncoding = 4; lastKnownFileType = sourcecode.swift; path = TableViewItem.swift; sourceTree = "<group>"; };
		488C06C41AA66B3E003000C3 /* TableViewCell.swift */ = {isa = PBXFileReference; fileEncoding = 4; lastKnownFileType = sourcecode.swift; path = TableViewCell.swift; sourceTree = "<group>"; };
		488C06CA1AA78A83003000C3 /* TestViewController.swift */ = {isa = PBXFileReference; fileEncoding = 4; lastKnownFileType = sourcecode.swift; path = TestViewController.swift; sourceTree = "<group>"; };
		488C06CC1AA78AAC003000C3 /* IBTableViewItem.swift */ = {isa = PBXFileReference; fileEncoding = 4; lastKnownFileType = sourcecode.swift; path = IBTableViewItem.swift; sourceTree = "<group>"; };
		488C06CE1AA78AC0003000C3 /* IBTableViewCell.swift */ = {isa = PBXFileReference; fileEncoding = 4; lastKnownFileType = sourcecode.swift; path = IBTableViewCell.swift; sourceTree = "<group>"; };
		488C06CF1AA78AC0003000C3 /* IBTableViewCell.xib */ = {isa = PBXFileReference; fileEncoding = 4; lastKnownFileType = file.xib; path = IBTableViewCell.xib; sourceTree = "<group>"; };
		488C06D21AA7A2F9003000C3 /* TableViewCellStyle.swift */ = {isa = PBXFileReference; fileEncoding = 4; lastKnownFileType = sourcecode.swift; path = TableViewCellStyle.swift; sourceTree = "<group>"; };
		488C06D41AA7C0D3003000C3 /* StyleViewController.swift */ = {isa = PBXFileReference; fileEncoding = 4; lastKnownFileType = sourcecode.swift; path = StyleViewController.swift; sourceTree = "<group>"; };
		488C06D61AA7C4F5003000C3 /* RootViewController.swift */ = {isa = PBXFileReference; fileEncoding = 4; lastKnownFileType = sourcecode.swift; path = RootViewController.swift; sourceTree = "<group>"; };
		488C06D81AA7CA29003000C3 /* RetractableViewController.swift */ = {isa = PBXFileReference; fileEncoding = 4; lastKnownFileType = sourcecode.swift; path = RetractableViewController.swift; sourceTree = "<group>"; };
		488C06DA1AA7D082003000C3 /* IBViewController.swift */ = {isa = PBXFileReference; fileEncoding = 4; lastKnownFileType = sourcecode.swift; path = IBViewController.swift; sourceTree = "<group>"; };
		488C06DC1AA7D22D003000C3 /* IndexedListViewController.swift */ = {isa = PBXFileReference; fileEncoding = 4; lastKnownFileType = sourcecode.swift; path = IndexedListViewController.swift; sourceTree = "<group>"; };
		488C06DE1AA7D8E6003000C3 /* EditingViewController.swift */ = {isa = PBXFileReference; fileEncoding = 4; lastKnownFileType = sourcecode.swift; path = EditingViewController.swift; sourceTree = "<group>"; };
		488C06E21AA90DDB003000C3 /* FormViewController.swift */ = {isa = PBXFileReference; fileEncoding = 4; lastKnownFileType = sourcecode.swift; path = FormViewController.swift; sourceTree = "<group>"; };
		488C06F41AA91B00003000C3 /* TableViewActionBar.swift */ = {isa = PBXFileReference; fileEncoding = 4; lastKnownFileType = sourcecode.swift; path = TableViewActionBar.swift; sourceTree = "<group>"; };
		488C06F61AA920EC003000C3 /* UIButtonBarArrowLeft.png */ = {isa = PBXFileReference; lastKnownFileType = image.png; name = UIButtonBarArrowLeft.png; path = ../../../RETableViewManager/RETableViewManager/Resources/UIButtonBarArrowLeft.png; sourceTree = "<group>"; };
		488C06F71AA920EC003000C3 /* UIButtonBarArrowLeft@2x.png */ = {isa = PBXFileReference; lastKnownFileType = image.png; name = "UIButtonBarArrowLeft@2x.png"; path = "../../../RETableViewManager/RETableViewManager/Resources/UIButtonBarArrowLeft@2x.png"; sourceTree = "<group>"; };
		488C06F81AA920EC003000C3 /* UIButtonBarArrowRight.png */ = {isa = PBXFileReference; lastKnownFileType = image.png; name = UIButtonBarArrowRight.png; path = ../../../RETableViewManager/RETableViewManager/Resources/UIButtonBarArrowRight.png; sourceTree = "<group>"; };
		488C06F91AA920EC003000C3 /* UIButtonBarArrowRight@2x.png */ = {isa = PBXFileReference; lastKnownFileType = image.png; name = "UIButtonBarArrowRight@2x.png"; path = "../../../RETableViewManager/RETableViewManager/Resources/UIButtonBarArrowRight@2x.png"; sourceTree = "<group>"; };
		488C06FE1AA920FC003000C3 /* Transparent@2x.png */ = {isa = PBXFileReference; lastKnownFileType = image.png; name = "Transparent@2x.png"; path = "../../../RETableViewManager/RETableViewManager/Resources/Transparent@2x.png"; sourceTree = "<group>"; };
		48A57E9A1AAA77D4005CDD2F /* TableViewFormItem.swift */ = {isa = PBXFileReference; fileEncoding = 4; lastKnownFileType = sourcecode.swift; path = TableViewFormItem.swift; sourceTree = "<group>"; };
		48D679991AAA5B6500DA3960 /* TableViewFormCell.swift */ = {isa = PBXFileReference; fileEncoding = 4; lastKnownFileType = sourcecode.swift; path = TableViewFormCell.swift; sourceTree = "<group>"; };
/* End PBXFileReference section */

/* Begin PBXFrameworksBuildPhase section */
		488C068F1AA65656003000C3 /* Frameworks */ = {
			isa = PBXFrameworksBuildPhase;
			buildActionMask = 2147483647;
			files = (
			);
			runOnlyForDeploymentPostprocessing = 0;
		};
		488C06A41AA65656003000C3 /* Frameworks */ = {
			isa = PBXFrameworksBuildPhase;
			buildActionMask = 2147483647;
			files = (
			);
			runOnlyForDeploymentPostprocessing = 0;
		};
/* End PBXFrameworksBuildPhase section */

/* Begin PBXGroup section */
		301475011C306881006975C7 /* TextField */ = {
			isa = PBXGroup;
			children = (
				301475021C306881006975C7 /* TableViewTextFieldCell.swift */,
				301475031C306881006975C7 /* TableViewTextFieldCell.xib */,
				301475041C306881006975C7 /* TableViewTextFieldItem.swift */,
			);
			path = TextField;
			sourceTree = "<group>";
		};
		301475081C30692D006975C7 /* DateTime */ = {
			isa = PBXGroup;
			children = (
				301475091C30692D006975C7 /* TableViewDateTimeCell.swift */,
				3014750A1C30692D006975C7 /* TableViewDateTimeCell.xib */,
				3014750B1C30692D006975C7 /* TableViewDateTimeItem.swift */,
				3014750F1C308431006975C7 /* TableViewDatePickerCell.swift */,
				301475101C308431006975C7 /* TableViewDatePickerCell.xib */,
				301475131C308472006975C7 /* TableViewDatePickerItem.swift */,
			);
			path = DateTime;
			sourceTree = "<group>";
		};
		30CB4CD41AB624C1008F22EF /* Switch */ = {
			isa = PBXGroup;
			children = (
				30CB4CD51AB624F4008F22EF /* TableViewSwitchItem.swift */,
				30CB4CD71AB6254E008F22EF /* TableViewSwitchCell.swift */,
				30CB4CD81AB6254E008F22EF /* TableViewSwitchCell.xib */,
			);
			path = Switch;
			sourceTree = "<group>";
		};
		30F70E291AC5292600EEF029 /* Slider */ = {
			isa = PBXGroup;
			children = (
				30F70E2A1AC5297D00EEF029 /* TableViewSliderItem.swift */,
				30F70E2C1AC5299E00EEF029 /* TableViewSliderCell.swift */,
				30F70E2D1AC5299E00EEF029 /* TableViewSliderCell.xib */,
			);
			path = Slider;
			sourceTree = "<group>";
		};
		30F70E391AC52AC900EEF029 /* Picker */ = {
			isa = PBXGroup;
			children = (
				30F70E3A1AC52AF300EEF029 /* TableViewPickerItem.swift */,
			);
			path = Picker;
			sourceTree = "<group>";
		};
		488C06891AA65656003000C3 = {
			isa = PBXGroup;
			children = (
				488C06B71AA65CB7003000C3 /* TableViewManager */,
				488C06941AA65656003000C3 /* Example */,
				488C06AA1AA65656003000C3 /* ExampleTests */,
				488C06931AA65656003000C3 /* Products */,
			);
			sourceTree = "<group>";
		};
		488C06931AA65656003000C3 /* Products */ = {
			isa = PBXGroup;
			children = (
				488C06921AA65656003000C3 /* Example.app */,
				488C06A71AA65656003000C3 /* ExampleTests.xctest */,
			);
			name = Products;
			sourceTree = "<group>";
		};
		488C06941AA65656003000C3 /* Example */ = {
			isa = PBXGroup;
			children = (
				488C06C61AA78A83003000C3 /* Classes */,
				488C06971AA65656003000C3 /* AppDelegate.swift */,
				488C069B1AA65656003000C3 /* Main.storyboard */,
				488C069E1AA65656003000C3 /* Images.xcassets */,
				488C06A01AA65656003000C3 /* LaunchScreen.xib */,
				488C06FE1AA920FC003000C3 /* Transparent@2x.png */,
				488C06F61AA920EC003000C3 /* UIButtonBarArrowLeft.png */,
				488C06F71AA920EC003000C3 /* UIButtonBarArrowLeft@2x.png */,
				488C06F81AA920EC003000C3 /* UIButtonBarArrowRight.png */,
				488C06F91AA920EC003000C3 /* UIButtonBarArrowRight@2x.png */,
				488C06951AA65656003000C3 /* Supporting Files */,
			);
			path = Example;
			sourceTree = "<group>";
		};
		488C06951AA65656003000C3 /* Supporting Files */ = {
			isa = PBXGroup;
			children = (
				488C06961AA65656003000C3 /* Info.plist */,
			);
			name = "Supporting Files";
			sourceTree = "<group>";
		};
		488C06AA1AA65656003000C3 /* ExampleTests */ = {
			isa = PBXGroup;
			children = (
				488C06AD1AA65656003000C3 /* ExampleTests.swift */,
				488C06AB1AA65656003000C3 /* Supporting Files */,
			);
			path = ExampleTests;
			sourceTree = "<group>";
		};
		488C06AB1AA65656003000C3 /* Supporting Files */ = {
			isa = PBXGroup;
			children = (
				488C06AC1AA65656003000C3 /* Info.plist */,
			);
			name = "Supporting Files";
			sourceTree = "<group>";
		};
		488C06B71AA65CB7003000C3 /* TableViewManager */ = {
			isa = PBXGroup;
			children = (
				488C06E41AA90F12003000C3 /* Components */,
				488C06F41AA91B00003000C3 /* TableViewActionBar.swift */,
				488C06C41AA66B3E003000C3 /* TableViewCell.swift */,
				488C06D21AA7A2F9003000C3 /* TableViewCellStyle.swift */,
				488C06BA1AA65D04003000C3 /* TableViewDataSource.swift */,
				488C06BE1AA65D9D003000C3 /* TableViewItem.swift */,
				488C06B81AA65CEB003000C3 /* TableViewManager.swift */,
				488C06BC1AA65D91003000C3 /* TableViewSection.swift */,
			);
			name = TableViewManager;
			path = ../TableViewManager;
			sourceTree = "<group>";
		};
		488C06C61AA78A83003000C3 /* Classes */ = {
			isa = PBXGroup;
			children = (
				488C06C71AA78A83003000C3 /* Table View Cells */,
				488C06C81AA78A83003000C3 /* Table View Items */,
				488C06C91AA78A83003000C3 /* View Controllers */,
			);
			path = Classes;
			sourceTree = "<group>";
		};
		488C06C71AA78A83003000C3 /* Table View Cells */ = {
			isa = PBXGroup;
			children = (
				488C06CE1AA78AC0003000C3 /* IBTableViewCell.swift */,
				488C06CF1AA78AC0003000C3 /* IBTableViewCell.xib */,
			);
			path = "Table View Cells";
			sourceTree = "<group>";
		};
		488C06C81AA78A83003000C3 /* Table View Items */ = {
			isa = PBXGroup;
			children = (
				488C06CC1AA78AAC003000C3 /* IBTableViewItem.swift */,
			);
			path = "Table View Items";
			sourceTree = "<group>";
		};
		488C06C91AA78A83003000C3 /* View Controllers */ = {
			isa = PBXGroup;
			children = (
				488C06DA1AA7D082003000C3 /* IBViewController.swift */,
				488C06DC1AA7D22D003000C3 /* IndexedListViewController.swift */,
				488C06D81AA7CA29003000C3 /* RetractableViewController.swift */,
				488C06D61AA7C4F5003000C3 /* RootViewController.swift */,
				488C06D41AA7C0D3003000C3 /* StyleViewController.swift */,
				488C06CA1AA78A83003000C3 /* TestViewController.swift */,
				488C06DE1AA7D8E6003000C3 /* EditingViewController.swift */,
				488C06E21AA90DDB003000C3 /* FormViewController.swift */,
			);
			path = "View Controllers";
			sourceTree = "<group>";
		};
		488C06E41AA90F12003000C3 /* Components */ = {
			isa = PBXGroup;
			children = (
				301475081C30692D006975C7 /* DateTime */,
				30F70E391AC52AC900EEF029 /* Picker */,
				30F70E291AC5292600EEF029 /* Slider */,
				30CB4CD41AB624C1008F22EF /* Switch */,
				301475011C306881006975C7 /* TextField */,
				48D679991AAA5B6500DA3960 /* TableViewFormCell.swift */,
				48A57E9A1AAA77D4005CDD2F /* TableViewFormItem.swift */,
			);
			path = Components;
			sourceTree = "<group>";
		};
/* End PBXGroup section */

/* Begin PBXNativeTarget section */
		488C06911AA65656003000C3 /* Example */ = {
			isa = PBXNativeTarget;
			buildConfigurationList = 488C06B11AA65656003000C3 /* Build configuration list for PBXNativeTarget "Example" */;
			buildPhases = (
				488C068E1AA65656003000C3 /* Sources */,
				488C068F1AA65656003000C3 /* Frameworks */,
				488C06901AA65656003000C3 /* Resources */,
			);
			buildRules = (
			);
			dependencies = (
			);
			name = Example;
			productName = Example;
			productReference = 488C06921AA65656003000C3 /* Example.app */;
			productType = "com.apple.product-type.application";
		};
		488C06A61AA65656003000C3 /* ExampleTests */ = {
			isa = PBXNativeTarget;
			buildConfigurationList = 488C06B41AA65656003000C3 /* Build configuration list for PBXNativeTarget "ExampleTests" */;
			buildPhases = (
				488C06A31AA65656003000C3 /* Sources */,
				488C06A41AA65656003000C3 /* Frameworks */,
				488C06A51AA65656003000C3 /* Resources */,
			);
			buildRules = (
			);
			dependencies = (
				488C06A91AA65656003000C3 /* PBXTargetDependency */,
			);
			name = ExampleTests;
			productName = ExampleTests;
			productReference = 488C06A71AA65656003000C3 /* ExampleTests.xctest */;
			productType = "com.apple.product-type.bundle.unit-test";
		};
/* End PBXNativeTarget section */

/* Begin PBXProject section */
		488C068A1AA65656003000C3 /* Project object */ = {
			isa = PBXProject;
			attributes = {
				LastSwiftUpdateCheck = 0710;
				LastUpgradeCheck = 0710;
				ORGANIZATIONNAME = "Roman Efimov";
				TargetAttributes = {
					488C06911AA65656003000C3 = {
						CreatedOnToolsVersion = 6.3;
					};
					488C06A61AA65656003000C3 = {
						CreatedOnToolsVersion = 6.3;
						TestTargetID = 488C06911AA65656003000C3;
					};
				};
			};
			buildConfigurationList = 488C068D1AA65656003000C3 /* Build configuration list for PBXProject "Example" */;
			compatibilityVersion = "Xcode 3.2";
			developmentRegion = English;
			hasScannedForEncodings = 0;
			knownRegions = (
				en,
				Base,
			);
			mainGroup = 488C06891AA65656003000C3;
			productRefGroup = 488C06931AA65656003000C3 /* Products */;
			projectDirPath = "";
			projectRoot = "";
			targets = (
				488C06911AA65656003000C3 /* Example */,
				488C06A61AA65656003000C3 /* ExampleTests */,
			);
		};
/* End PBXProject section */

/* Begin PBXResourcesBuildPhase section */
		488C06901AA65656003000C3 /* Resources */ = {
			isa = PBXResourcesBuildPhase;
			buildActionMask = 2147483647;
			files = (
				3014750D1C30692D006975C7 /* TableViewDateTimeCell.xib in Resources */,
				488C06FA1AA920EC003000C3 /* UIButtonBarArrowLeft.png in Resources */,
				488C069D1AA65656003000C3 /* Main.storyboard in Resources */,
				30CB4CDA1AB6254E008F22EF /* TableViewSwitchCell.xib in Resources */,
				488C06A21AA65656003000C3 /* LaunchScreen.xib in Resources */,
				488C06FC1AA920EC003000C3 /* UIButtonBarArrowRight.png in Resources */,
				488C06FF1AA920FC003000C3 /* Transparent@2x.png in Resources */,
				301475121C308431006975C7 /* TableViewDatePickerCell.xib in Resources */,
				301475061C306881006975C7 /* TableViewTextFieldCell.xib in Resources */,
				488C06D11AA78AC0003000C3 /* IBTableViewCell.xib in Resources */,
				488C069F1AA65656003000C3 /* Images.xcassets in Resources */,
				488C06FB1AA920EC003000C3 /* UIButtonBarArrowLeft@2x.png in Resources */,
				30F70E2F1AC5299E00EEF029 /* TableViewSliderCell.xib in Resources */,
				488C06FD1AA920EC003000C3 /* UIButtonBarArrowRight@2x.png in Resources */,
			);
			runOnlyForDeploymentPostprocessing = 0;
		};
		488C06A51AA65656003000C3 /* Resources */ = {
			isa = PBXResourcesBuildPhase;
			buildActionMask = 2147483647;
			files = (
			);
			runOnlyForDeploymentPostprocessing = 0;
		};
/* End PBXResourcesBuildPhase section */

/* Begin PBXSourcesBuildPhase section */
		488C068E1AA65656003000C3 /* Sources */ = {
			isa = PBXSourcesBuildPhase;
			buildActionMask = 2147483647;
			files = (
				488C06B91AA65CEB003000C3 /* TableViewManager.swift in Sources */,
				488C06F51AA91B00003000C3 /* TableViewActionBar.swift in Sources */,
				488C06BB1AA65D04003000C3 /* TableViewDataSource.swift in Sources */,
				488C06D71AA7C4F5003000C3 /* RootViewController.swift in Sources */,
				30F70E2B1AC5297D00EEF029 /* TableViewSliderItem.swift in Sources */,
				30CB4CD61AB624F4008F22EF /* TableViewSwitchItem.swift in Sources */,
				488C06D91AA7CA29003000C3 /* RetractableViewController.swift in Sources */,
				488C06DD1AA7D22D003000C3 /* IndexedListViewController.swift in Sources */,
				488C06BD1AA65D91003000C3 /* TableViewSection.swift in Sources */,
				48D6799A1AAA5B6500DA3960 /* TableViewFormCell.swift in Sources */,
				488C06BF1AA65D9D003000C3 /* TableViewItem.swift in Sources */,
				301475111C308431006975C7 /* TableViewDatePickerCell.swift in Sources */,
				48A57E9B1AAA77D4005CDD2F /* TableViewFormItem.swift in Sources */,
				488C06CB1AA78A83003000C3 /* TestViewController.swift in Sources */,
				30F70E2E1AC5299E00EEF029 /* TableViewSliderCell.swift in Sources */,
				488C06DB1AA7D082003000C3 /* IBViewController.swift in Sources */,
				3014750E1C30692D006975C7 /* TableViewDateTimeItem.swift in Sources */,
				301475051C306881006975C7 /* TableViewTextFieldCell.swift in Sources */,
				488C06DF1AA7D8E6003000C3 /* EditingViewController.swift in Sources */,
				488C06D31AA7A2F9003000C3 /* TableViewCellStyle.swift in Sources */,
				30F70E3B1AC52AF300EEF029 /* TableViewPickerItem.swift in Sources */,
				488C06D01AA78AC0003000C3 /* IBTableViewCell.swift in Sources */,
				30CB4CD91AB6254E008F22EF /* TableViewSwitchCell.swift in Sources */,
				488C06CD1AA78AAC003000C3 /* IBTableViewItem.swift in Sources */,
				301475071C306881006975C7 /* TableViewTextFieldItem.swift in Sources */,
				3014750C1C30692D006975C7 /* TableViewDateTimeCell.swift in Sources */,
				488C06C51AA66B3E003000C3 /* TableViewCell.swift in Sources */,
				488C06D51AA7C0D3003000C3 /* StyleViewController.swift in Sources */,
				301475141C308472006975C7 /* TableViewDatePickerItem.swift in Sources */,
				488C06E31AA90DDB003000C3 /* FormViewController.swift in Sources */,
				488C06981AA65656003000C3 /* AppDelegate.swift in Sources */,
			);
			runOnlyForDeploymentPostprocessing = 0;
		};
		488C06A31AA65656003000C3 /* Sources */ = {
			isa = PBXSourcesBuildPhase;
			buildActionMask = 2147483647;
			files = (
				488C06AE1AA65656003000C3 /* ExampleTests.swift in Sources */,
			);
			runOnlyForDeploymentPostprocessing = 0;
		};
/* End PBXSourcesBuildPhase section */

/* Begin PBXTargetDependency section */
		488C06A91AA65656003000C3 /* PBXTargetDependency */ = {
			isa = PBXTargetDependency;
			target = 488C06911AA65656003000C3 /* Example */;
			targetProxy = 488C06A81AA65656003000C3 /* PBXContainerItemProxy */;
		};
/* End PBXTargetDependency section */

/* Begin PBXVariantGroup section */
		488C069B1AA65656003000C3 /* Main.storyboard */ = {
			isa = PBXVariantGroup;
			children = (
				488C069C1AA65656003000C3 /* Base */,
			);
			name = Main.storyboard;
			sourceTree = "<group>";
		};
		488C06A01AA65656003000C3 /* LaunchScreen.xib */ = {
			isa = PBXVariantGroup;
			children = (
				488C06A11AA65656003000C3 /* Base */,
			);
			name = LaunchScreen.xib;
			sourceTree = "<group>";
		};
/* End PBXVariantGroup section */

/* Begin XCBuildConfiguration section */
		488C06AF1AA65656003000C3 /* Debug */ = {
			isa = XCBuildConfiguration;
			buildSettings = {
				ALWAYS_SEARCH_USER_PATHS = NO;
				CLANG_CXX_LANGUAGE_STANDARD = "gnu++0x";
				CLANG_CXX_LIBRARY = "libc++";
				CLANG_ENABLE_MODULES = YES;
				CLANG_ENABLE_OBJC_ARC = YES;
				CLANG_WARN_BOOL_CONVERSION = YES;
				CLANG_WARN_CONSTANT_CONVERSION = YES;
				CLANG_WARN_DIRECT_OBJC_ISA_USAGE = YES_ERROR;
				CLANG_WARN_EMPTY_BODY = YES;
				CLANG_WARN_ENUM_CONVERSION = YES;
				CLANG_WARN_INT_CONVERSION = YES;
				CLANG_WARN_OBJC_ROOT_CLASS = YES_ERROR;
				CLANG_WARN_UNREACHABLE_CODE = YES;
				CLANG_WARN__DUPLICATE_METHOD_MATCH = YES;
				"CODE_SIGN_IDENTITY[sdk=iphoneos*]" = "iPhone Developer";
				COPY_PHASE_STRIP = NO;
				DEBUG_INFORMATION_FORMAT = dwarf;
				ENABLE_STRICT_OBJC_MSGSEND = YES;
				ENABLE_TESTABILITY = YES;
				GCC_C_LANGUAGE_STANDARD = gnu99;
				GCC_DYNAMIC_NO_PIC = NO;
				GCC_NO_COMMON_BLOCKS = YES;
				GCC_OPTIMIZATION_LEVEL = 0;
				GCC_PREPROCESSOR_DEFINITIONS = (
					"DEBUG=1",
					"$(inherited)",
				);
				GCC_SYMBOLS_PRIVATE_EXTERN = NO;
				GCC_WARN_64_TO_32_BIT_CONVERSION = YES;
				GCC_WARN_ABOUT_RETURN_TYPE = YES_ERROR;
				GCC_WARN_UNDECLARED_SELECTOR = YES;
				GCC_WARN_UNINITIALIZED_AUTOS = YES_AGGRESSIVE;
				GCC_WARN_UNUSED_FUNCTION = YES;
				GCC_WARN_UNUSED_VARIABLE = YES;
				IPHONEOS_DEPLOYMENT_TARGET = 8.3;
				MTL_ENABLE_DEBUG_INFO = YES;
				ONLY_ACTIVE_ARCH = YES;
				SDKROOT = iphoneos;
				SWIFT_OPTIMIZATION_LEVEL = "-Onone";
			};
			name = Debug;
		};
		488C06B01AA65656003000C3 /* Release */ = {
			isa = XCBuildConfiguration;
			buildSettings = {
				ALWAYS_SEARCH_USER_PATHS = NO;
				CLANG_CXX_LANGUAGE_STANDARD = "gnu++0x";
				CLANG_CXX_LIBRARY = "libc++";
				CLANG_ENABLE_MODULES = YES;
				CLANG_ENABLE_OBJC_ARC = YES;
				CLANG_WARN_BOOL_CONVERSION = YES;
				CLANG_WARN_CONSTANT_CONVERSION = YES;
				CLANG_WARN_DIRECT_OBJC_ISA_USAGE = YES_ERROR;
				CLANG_WARN_EMPTY_BODY = YES;
				CLANG_WARN_ENUM_CONVERSION = YES;
				CLANG_WARN_INT_CONVERSION = YES;
				CLANG_WARN_OBJC_ROOT_CLASS = YES_ERROR;
				CLANG_WARN_UNREACHABLE_CODE = YES;
				CLANG_WARN__DUPLICATE_METHOD_MATCH = YES;
				"CODE_SIGN_IDENTITY[sdk=iphoneos*]" = "iPhone Developer";
				COPY_PHASE_STRIP = NO;
				DEBUG_INFORMATION_FORMAT = "dwarf-with-dsym";
				ENABLE_NS_ASSERTIONS = NO;
				ENABLE_STRICT_OBJC_MSGSEND = YES;
				GCC_C_LANGUAGE_STANDARD = gnu99;
				GCC_NO_COMMON_BLOCKS = YES;
				GCC_WARN_64_TO_32_BIT_CONVERSION = YES;
				GCC_WARN_ABOUT_RETURN_TYPE = YES_ERROR;
				GCC_WARN_UNDECLARED_SELECTOR = YES;
				GCC_WARN_UNINITIALIZED_AUTOS = YES_AGGRESSIVE;
				GCC_WARN_UNUSED_FUNCTION = YES;
				GCC_WARN_UNUSED_VARIABLE = YES;
				IPHONEOS_DEPLOYMENT_TARGET = 8.3;
				MTL_ENABLE_DEBUG_INFO = NO;
				SDKROOT = iphoneos;
				VALIDATE_PRODUCT = YES;
			};
			name = Release;
		};
		488C06B21AA65656003000C3 /* Debug */ = {
			isa = XCBuildConfiguration;
			buildSettings = {
				ASSETCATALOG_COMPILER_APPICON_NAME = AppIcon;
				CLANG_ENABLE_MODULES = YES;
				INFOPLIST_FILE = Example/Info.plist;
				IPHONEOS_DEPLOYMENT_TARGET = 8.0;
				LD_RUNPATH_SEARCH_PATHS = "$(inherited) @executable_path/Frameworks";
				PRODUCT_BUNDLE_IDENTIFIER = "com.romanefimov.$(PRODUCT_NAME:rfc1034identifier)";
				PRODUCT_NAME = "$(TARGET_NAME)";
				SWIFT_OPTIMIZATION_LEVEL = "-Onone";
			};
			name = Debug;
		};
		488C06B31AA65656003000C3 /* Release */ = {
			isa = XCBuildConfiguration;
			buildSettings = {
				ASSETCATALOG_COMPILER_APPICON_NAME = AppIcon;
				CLANG_ENABLE_MODULES = YES;
				INFOPLIST_FILE = Example/Info.plist;
				IPHONEOS_DEPLOYMENT_TARGET = 8.0;
				LD_RUNPATH_SEARCH_PATHS = "$(inherited) @executable_path/Frameworks";
				PRODUCT_BUNDLE_IDENTIFIER = "com.romanefimov.$(PRODUCT_NAME:rfc1034identifier)";
				PRODUCT_NAME = "$(TARGET_NAME)";
			};
			name = Release;
		};
		488C06B51AA65656003000C3 /* Debug */ = {
			isa = XCBuildConfiguration;
			buildSettings = {
				BUNDLE_LOADER = "$(TEST_HOST)";
				FRAMEWORK_SEARCH_PATHS = "$(inherited)";
				GCC_PREPROCESSOR_DEFINITIONS = (
					"DEBUG=1",
					"$(inherited)",
				);
				INFOPLIST_FILE = ExampleTests/Info.plist;
				LD_RUNPATH_SEARCH_PATHS = "$(inherited) @executable_path/Frameworks @loader_path/Frameworks";
				PRODUCT_BUNDLE_IDENTIFIER = "com.romanefimov.$(PRODUCT_NAME:rfc1034identifier)";
				PRODUCT_NAME = "$(TARGET_NAME)";
				TEST_HOST = "$(BUILT_PRODUCTS_DIR)/Example.app/Example";
			};
			name = Debug;
		};
		488C06B61AA65656003000C3 /* Release */ = {
			isa = XCBuildConfiguration;
			buildSettings = {
				BUNDLE_LOADER = "$(TEST_HOST)";
				FRAMEWORK_SEARCH_PATHS = "$(inherited)";
				INFOPLIST_FILE = ExampleTests/Info.plist;
				LD_RUNPATH_SEARCH_PATHS = "$(inherited) @executable_path/Frameworks @loader_path/Frameworks";
				PRODUCT_BUNDLE_IDENTIFIER = "com.romanefimov.$(PRODUCT_NAME:rfc1034identifier)";
				PRODUCT_NAME = "$(TARGET_NAME)";
				TEST_HOST = "$(BUILT_PRODUCTS_DIR)/Example.app/Example";
			};
			name = Release;
		};
/* End XCBuildConfiguration section */

/* Begin XCConfigurationList section */
		488C068D1AA65656003000C3 /* Build configuration list for PBXProject "Example" */ = {
			isa = XCConfigurationList;
			buildConfigurations = (
				488C06AF1AA65656003000C3 /* Debug */,
				488C06B01AA65656003000C3 /* Release */,
			);
			defaultConfigurationIsVisible = 0;
			defaultConfigurationName = Release;
		};
		488C06B11AA65656003000C3 /* Build configuration list for PBXNativeTarget "Example" */ = {
			isa = XCConfigurationList;
			buildConfigurations = (
				488C06B21AA65656003000C3 /* Debug */,
				488C06B31AA65656003000C3 /* Release */,
			);
			defaultConfigurationIsVisible = 0;
			defaultConfigurationName = Release;
		};
		488C06B41AA65656003000C3 /* Build configuration list for PBXNativeTarget "ExampleTests" */ = {
			isa = XCConfigurationList;
			buildConfigurations = (
				488C06B51AA65656003000C3 /* Debug */,
				488C06B61AA65656003000C3 /* Release */,
			);
			defaultConfigurationIsVisible = 0;
			defaultConfigurationName = Release;
		};
/* End XCConfigurationList section */
	};
	rootObject = 488C068A1AA65656003000C3 /* Project object */;
}
